// !$*UTF8*$!
{
	archiveVersion = 1;
	classes = {
	};
	objectVersion = 45;
	objects = {

/* Begin PBXBuildFile section */
		1D3623260D0F684500981E51 /* projectAppDelegate.m in Sources */ = {isa = PBXBuildFile; fileRef = 1D3623250D0F684500981E51 /* projectAppDelegate.m */; };
		1D60589B0D05DD56006BFB54 /* main.m in Sources */ = {isa = PBXBuildFile; fileRef = 29B97316FDCFA39411CA2CEA /* main.m */; };
		1D60589F0D05DD5A006BFB54 /* Foundation.framework in Frameworks */ = {isa = PBXBuildFile; fileRef = 1D30AB110D05D00D00671497 /* Foundation.framework */; };
		1DF5F4E00D08C38300B7A737 /* UIKit.framework in Frameworks */ = {isa = PBXBuildFile; fileRef = 1DF5F4DF0D08C38300B7A737 /* UIKit.framework */; };
		288765A50DF7441C002DB57D /* CoreGraphics.framework in Frameworks */ = {isa = PBXBuildFile; fileRef = 288765A40DF7441C002DB57D /* CoreGraphics.framework */; };
		2899E5220DE3E06400AC0155 /* projectViewController.xib in Resources */ = {isa = PBXBuildFile; fileRef = 2899E5210DE3E06400AC0155 /* projectViewController.xib */; };
		28AD733F0D9D9553002E5188 /* MainWindow.xib in Resources */ = {isa = PBXBuildFile; fileRef = 28AD733E0D9D9553002E5188 /* MainWindow.xib */; };
		28D7ACF80DDB3853001CB0EB /* projectViewController.m in Sources */ = {isa = PBXBuildFile; fileRef = 28D7ACF70DDB3853001CB0EB /* projectViewController.m */; };
		C80957361716CAB30049A38A /* left_arrow.png in Resources */ = {isa = PBXBuildFile; fileRef = C80957321716CAB30049A38A /* left_arrow.png */; };
		C80957371716CAB30049A38A /* left_arrow@2x.png in Resources */ = {isa = PBXBuildFile; fileRef = C80957331716CAB30049A38A /* left_arrow@2x.png */; };
		C80957381716CAB30049A38A /* right_arrow.png in Resources */ = {isa = PBXBuildFile; fileRef = C80957341716CAB30049A38A /* right_arrow.png */; };
		C80957391716CAB30049A38A /* right_arrow@2x.png in Resources */ = {isa = PBXBuildFile; fileRef = C80957351716CAB30049A38A /* right_arrow@2x.png */; };
		C830DA811743E3BB005EA503 /* SecondView.xib in Resources */ = {isa = PBXBuildFile; fileRef = C830DA801743E3BB005EA503 /* SecondView.xib */; };
		C830DA861743E487005EA503 /* AdressTable.m in Sources */ = {isa = PBXBuildFile; fileRef = C830DA851743E487005EA503 /* AdressTable.m */; };
		C830DA921743E6DD005EA503 /* SecondViewController.m in Sources */ = {isa = PBXBuildFile; fileRef = C830DA911743E6DD005EA503 /* SecondViewController.m */; };
		C830E009174E4A11005EA503 /* AdressTable.xib in Resources */ = {isa = PBXBuildFile; fileRef = C830E008174E4A11005EA503 /* AdressTable.xib */; };
		C88877F0170D943B005740C1 /* CalendarView.m in Sources */ = {isa = PBXBuildFile; fileRef = C88877EF170D943B005740C1 /* CalendarView.m */; };
		C88877F3170D944B005740C1 /* AddressBook.framework in Frameworks */ = {isa = PBXBuildFile; fileRef = C88877F2170D944B005740C1 /* AddressBook.framework */; };
		C88877F5170D9455005740C1 /* CKCalendarView.m in Sources */ = {isa = PBXBuildFile; fileRef = C88877F4170D9455005740C1 /* CKCalendarView.m */; };
		C88877F8170D9464005740C1 /* TableView.m in Sources */ = {isa = PBXBuildFile; fileRef = C88877F7170D9464005740C1 /* TableView.m */; };
		C8887854170D959D005740C1 /* QuartzCore.framework in Frameworks */ = {isa = PBXBuildFile; fileRef = C8887853170D959D005740C1 /* QuartzCore.framework */; };
		C888793C170DA7E2005740C1 /* loadAction.m in Sources */ = {isa = PBXBuildFile; fileRef = C888793B170DA7E2005740C1 /* loadAction.m */; };
		C888793E170DA83A005740C1 /* EventKit.framework in Frameworks */ = {isa = PBXBuildFile; fileRef = C888793D170DA83A005740C1 /* EventKit.framework */; };
		C890FEA4172010B2005B16A8 /* DateButton.m in Sources */ = {isa = PBXBuildFile; fileRef = C890FEA3172010B2005B16A8 /* DateButton.m */; };
/* End PBXBuildFile section */

/* Begin PBXFileReference section */
		1D30AB110D05D00D00671497 /* Foundation.framework */ = {isa = PBXFileReference; lastKnownFileType = wrapper.framework; name = Foundation.framework; path = System/Library/Frameworks/Foundation.framework; sourceTree = SDKROOT; };
		1D3623240D0F684500981E51 /* projectAppDelegate.h */ = {isa = PBXFileReference; fileEncoding = 4; lastKnownFileType = sourcecode.c.h; path = projectAppDelegate.h; sourceTree = "<group>"; };
		1D3623250D0F684500981E51 /* projectAppDelegate.m */ = {isa = PBXFileReference; fileEncoding = 4; lastKnownFileType = sourcecode.c.objc; path = projectAppDelegate.m; sourceTree = "<group>"; };
		1D6058910D05DD3D006BFB54 /* project.app */ = {isa = PBXFileReference; explicitFileType = wrapper.application; includeInIndex = 0; path = project.app; sourceTree = BUILT_PRODUCTS_DIR; };
		1DF5F4DF0D08C38300B7A737 /* UIKit.framework */ = {isa = PBXFileReference; lastKnownFileType = wrapper.framework; name = UIKit.framework; path = System/Library/Frameworks/UIKit.framework; sourceTree = SDKROOT; };
		288765A40DF7441C002DB57D /* CoreGraphics.framework */ = {isa = PBXFileReference; lastKnownFileType = wrapper.framework; name = CoreGraphics.framework; path = System/Library/Frameworks/CoreGraphics.framework; sourceTree = SDKROOT; };
		2899E5210DE3E06400AC0155 /* projectViewController.xib */ = {isa = PBXFileReference; lastKnownFileType = file.xib; path = projectViewController.xib; sourceTree = "<group>"; };
		28AD733E0D9D9553002E5188 /* MainWindow.xib */ = {isa = PBXFileReference; lastKnownFileType = file.xib; path = MainWindow.xib; sourceTree = "<group>"; };
		28D7ACF60DDB3853001CB0EB /* projectViewController.h */ = {isa = PBXFileReference; fileEncoding = 4; lastKnownFileType = sourcecode.c.h; path = projectViewController.h; sourceTree = "<group>"; };
		28D7ACF70DDB3853001CB0EB /* projectViewController.m */ = {isa = PBXFileReference; fileEncoding = 4; lastKnownFileType = sourcecode.c.objc; path = projectViewController.m; sourceTree = "<group>"; };
		29B97316FDCFA39411CA2CEA /* main.m */ = {isa = PBXFileReference; fileEncoding = 4; lastKnownFileType = sourcecode.c.objc; path = main.m; sourceTree = "<group>"; };
		32CA4F630368D1EE00C91783 /* project_Prefix.pch */ = {isa = PBXFileReference; fileEncoding = 4; lastKnownFileType = sourcecode.c.h; path = project_Prefix.pch; sourceTree = "<group>"; };
		8D1107310486CEB800E47090 /* project-Info.plist */ = {isa = PBXFileReference; fileEncoding = 4; lastKnownFileType = text.plist.xml; path = "project-Info.plist"; plistStructureDefinitionIdentifier = "com.apple.xcode.plist.structure-definition.iphone.info-plist"; sourceTree = "<group>"; };
		C80957321716CAB30049A38A /* left_arrow.png */ = {isa = PBXFileReference; lastKnownFileType = image.png; name = left_arrow.png; path = Classes/resources/left_arrow.png; sourceTree = "<group>"; };
		C80957331716CAB30049A38A /* left_arrow@2x.png */ = {isa = PBXFileReference; lastKnownFileType = image.png; name = "left_arrow@2x.png"; path = "Classes/resources/left_arrow@2x.png"; sourceTree = "<group>"; };
		C80957341716CAB30049A38A /* right_arrow.png */ = {isa = PBXFileReference; lastKnownFileType = image.png; name = right_arrow.png; path = Classes/resources/right_arrow.png; sourceTree = "<group>"; };
		C80957351716CAB30049A38A /* right_arrow@2x.png */ = {isa = PBXFileReference; lastKnownFileType = image.png; name = "right_arrow@2x.png"; path = "Classes/resources/right_arrow@2x.png"; sourceTree = "<group>"; };
		C830DA801743E3BB005EA503 /* SecondView.xib */ = {isa = PBXFileReference; lastKnownFileType = file.xib; path = SecondView.xib; sourceTree = "<group>"; };
		C830DA841743E487005EA503 /* AdressTable.h */ = {isa = PBXFileReference; fileEncoding = 4; lastKnownFileType = sourcecode.c.h; path = AdressTable.h; sourceTree = "<group>"; };
		C830DA851743E487005EA503 /* AdressTable.m */ = {isa = PBXFileReference; fileEncoding = 4; lastKnownFileType = sourcecode.c.objc; path = AdressTable.m; sourceTree = "<group>"; };
		C830DA901743E6DC005EA503 /* SecondViewController.h */ = {isa = PBXFileReference; fileEncoding = 4; lastKnownFileType = sourcecode.c.h; path = SecondViewController.h; sourceTree = "<group>"; };
		C830DA911743E6DD005EA503 /* SecondViewController.m */ = {isa = PBXFileReference; fileEncoding = 4; lastKnownFileType = sourcecode.c.objc; path = SecondViewController.m; sourceTree = "<group>"; };
		C830E008174E4A11005EA503 /* AdressTable.xib */ = {isa = PBXFileReference; lastKnownFileType = file.xib; path = AdressTable.xib; sourceTree = "<group>"; };
		C88877EE170D942F005740C1 /* CalendarView.h */ = {isa = PBXFileReference; fileEncoding = 4; lastKnownFileType = sourcecode.c.h; path = CalendarView.h; sourceTree = "<group>"; };
		C88877EF170D943B005740C1 /* CalendarView.m */ = {isa = PBXFileReference; fileEncoding = 4; lastKnownFileType = sourcecode.c.objc; path = CalendarView.m; sourceTree = "<group>"; };
		C88877F1170D9444005740C1 /* CKCalendarView.h */ = {isa = PBXFileReference; fileEncoding = 4; lastKnownFileType = sourcecode.c.h; path = CKCalendarView.h; sourceTree = "<group>"; };
		C88877F2170D944B005740C1 /* AddressBook.framework */ = {isa = PBXFileReference; lastKnownFileType = wrapper.framework; name = AddressBook.framework; path = System/Library/Frameworks/AddressBook.framework; sourceTree = SDKROOT; };
		C88877F4170D9455005740C1 /* CKCalendarView.m */ = {isa = PBXFileReference; fileEncoding = 4; lastKnownFileType = sourcecode.c.objc; path = CKCalendarView.m; sourceTree = "<group>"; };
		C88877F6170D945B005740C1 /* TableView.h */ = {isa = PBXFileReference; fileEncoding = 4; lastKnownFileType = sourcecode.c.h; path = TableView.h; sourceTree = "<group>"; };
		C88877F7170D9464005740C1 /* TableView.m */ = {isa = PBXFileReference; fileEncoding = 4; lastKnownFileType = sourcecode.c.objc; path = TableView.m; sourceTree = "<group>"; };
		C8887853170D959D005740C1 /* QuartzCore.framework */ = {isa = PBXFileReference; lastKnownFileType = wrapper.framework; name = QuartzCore.framework; path = System/Library/Frameworks/QuartzCore.framework; sourceTree = SDKROOT; };
		C888793A170DA7E2005740C1 /* loadAction.h */ = {isa = PBXFileReference; fileEncoding = 4; lastKnownFileType = sourcecode.c.h; path = loadAction.h; sourceTree = "<group>"; };
		C888793B170DA7E2005740C1 /* loadAction.m */ = {isa = PBXFileReference; fileEncoding = 4; lastKnownFileType = sourcecode.c.objc; path = loadAction.m; sourceTree = "<group>"; };
		C888793D170DA83A005740C1 /* EventKit.framework */ = {isa = PBXFileReference; lastKnownFileType = wrapper.framework; name = EventKit.framework; path = System/Library/Frameworks/EventKit.framework; sourceTree = SDKROOT; };
		C890FEA2172010B2005B16A8 /* DateButton.h */ = {isa = PBXFileReference; fileEncoding = 4; lastKnownFileType = sourcecode.c.h; path = DateButton.h; sourceTree = "<group>"; };
		C890FEA3172010B2005B16A8 /* DateButton.m */ = {isa = PBXFileReference; fileEncoding = 4; lastKnownFileType = sourcecode.c.objc; path = DateButton.m; sourceTree = "<group>"; };
/* End PBXFileReference section */

/* Begin PBXFrameworksBuildPhase section */
		1D60588F0D05DD3D006BFB54 /* Frameworks */ = {
			isa = PBXFrameworksBuildPhase;
			buildActionMask = 2147483647;
			files = (
				1D60589F0D05DD5A006BFB54 /* Foundation.framework in Frameworks */,
				1DF5F4E00D08C38300B7A737 /* UIKit.framework in Frameworks */,
				288765A50DF7441C002DB57D /* CoreGraphics.framework in Frameworks */,
				C88877F3170D944B005740C1 /* AddressBook.framework in Frameworks */,
				C8887854170D959D005740C1 /* QuartzCore.framework in Frameworks */,
				C888793E170DA83A005740C1 /* EventKit.framework in Frameworks */,
			);
			runOnlyForDeploymentPostprocessing = 0;
		};
/* End PBXFrameworksBuildPhase section */

/* Begin PBXGroup section */
		080E96DDFE201D6D7F000001 /* Classes */ = {
			isa = PBXGroup;
			children = (
				C88877F7170D9464005740C1 /* TableView.m */,
				C88877F6170D945B005740C1 /* TableView.h */,
				C830DA841743E487005EA503 /* AdressTable.h */,
				C830DA851743E487005EA503 /* AdressTable.m */,
				C88877F4170D9455005740C1 /* CKCalendarView.m */,
				C88877F1170D9444005740C1 /* CKCalendarView.h */,
				1D3623240D0F684500981E51 /* projectAppDelegate.h */,
				1D3623250D0F684500981E51 /* projectAppDelegate.m */,
				28D7ACF60DDB3853001CB0EB /* projectViewController.h */,
				28D7ACF70DDB3853001CB0EB /* projectViewController.m */,
				C888793A170DA7E2005740C1 /* loadAction.h */,
				C888793B170DA7E2005740C1 /* loadAction.m */,
				C88877EE170D942F005740C1 /* CalendarView.h */,
				C88877EF170D943B005740C1 /* CalendarView.m */,
				C890FEA2172010B2005B16A8 /* DateButton.h */,
				C890FEA3172010B2005B16A8 /* DateButton.m */,
				C830DA901743E6DC005EA503 /* SecondViewController.h */,
				C830DA911743E6DD005EA503 /* SecondViewController.m */,
			);
			path = Classes;
			sourceTree = "<group>";
		};
		19C28FACFE9D520D11CA2CBB /* Products */ = {
			isa = PBXGroup;
			children = (
				1D6058910D05DD3D006BFB54 /* project.app */,
			);
			name = Products;
			sourceTree = "<group>";
		};
		29B97314FDCFA39411CA2CEA /* CustomTemplate */ = {
			isa = PBXGroup;
			children = (
				080E96DDFE201D6D7F000001 /* Classes */,
				29B97315FDCFA39411CA2CEA /* Other Sources */,
				29B97317FDCFA39411CA2CEA /* Resources */,
				29B97323FDCFA39411CA2CEA /* Frameworks */,
				19C28FACFE9D520D11CA2CBB /* Products */,
			);
			name = CustomTemplate;
			sourceTree = "<group>";
		};
		29B97315FDCFA39411CA2CEA /* Other Sources */ = {
			isa = PBXGroup;
			children = (
				32CA4F630368D1EE00C91783 /* project_Prefix.pch */,
				29B97316FDCFA39411CA2CEA /* main.m */,
			);
			name = "Other Sources";
			sourceTree = "<group>";
		};
		29B97317FDCFA39411CA2CEA /* Resources */ = {
			isa = PBXGroup;
			children = (
				C80957321716CAB30049A38A /* left_arrow.png */,
				C80957331716CAB30049A38A /* left_arrow@2x.png */,
				C80957341716CAB30049A38A /* right_arrow.png */,
				C80957351716CAB30049A38A /* right_arrow@2x.png */,
				2899E5210DE3E06400AC0155 /* projectViewController.xib */,
				28AD733E0D9D9553002E5188 /* MainWindow.xib */,
				8D1107310486CEB800E47090 /* project-Info.plist */,
				C830DA801743E3BB005EA503 /* SecondView.xib */,
				C830E008174E4A11005EA503 /* AdressTable.xib */,
			);
			name = Resources;
			sourceTree = "<group>";
		};
		29B97323FDCFA39411CA2CEA /* Frameworks */ = {
			isa = PBXGroup;
			children = (
				C88877F2170D944B005740C1 /* AddressBook.framework */,
				1DF5F4DF0D08C38300B7A737 /* UIKit.framework */,
				1D30AB110D05D00D00671497 /* Foundation.framework */,
				288765A40DF7441C002DB57D /* CoreGraphics.framework */,
				C8887853170D959D005740C1 /* QuartzCore.framework */,
				C888793D170DA83A005740C1 /* EventKit.framework */,
			);
			name = Frameworks;
			sourceTree = "<group>";
		};
/* End PBXGroup section */

/* Begin PBXNativeTarget section */
		1D6058900D05DD3D006BFB54 /* project */ = {
			isa = PBXNativeTarget;
			buildConfigurationList = 1D6058960D05DD3E006BFB54 /* Build configuration list for PBXNativeTarget "project" */;
			buildPhases = (
				1D60588D0D05DD3D006BFB54 /* Resources */,
				1D60588E0D05DD3D006BFB54 /* Sources */,
				1D60588F0D05DD3D006BFB54 /* Frameworks */,
			);
			buildRules = (
			);
			dependencies = (
			);
			name = project;
			productName = project;
			productReference = 1D6058910D05DD3D006BFB54 /* project.app */;
			productType = "com.apple.product-type.application";
		};
/* End PBXNativeTarget section */

/* Begin PBXProject section */
		29B97313FDCFA39411CA2CEA /* Project object */ = {
			isa = PBXProject;
			buildConfigurationList = C01FCF4E08A954540054247B /* Build configuration list for PBXProject "project" */;
			compatibilityVersion = "Xcode 3.1";
			hasScannedForEncodings = 1;
			mainGroup = 29B97314FDCFA39411CA2CEA /* CustomTemplate */;
			projectDirPath = "";
			projectRoot = "";
			targets = (
				1D6058900D05DD3D006BFB54 /* project */,
			);
		};
/* End PBXProject section */

/* Begin PBXResourcesBuildPhase section */
		1D60588D0D05DD3D006BFB54 /* Resources */ = {
			isa = PBXResourcesBuildPhase;
			buildActionMask = 2147483647;
			files = (
				28AD733F0D9D9553002E5188 /* MainWindow.xib in Resources */,
				2899E5220DE3E06400AC0155 /* projectViewController.xib in Resources */,
				C80957361716CAB30049A38A /* left_arrow.png in Resources */,
				C80957371716CAB30049A38A /* left_arrow@2x.png in Resources */,
				C80957381716CAB30049A38A /* right_arrow.png in Resources */,
				C80957391716CAB30049A38A /* right_arrow@2x.png in Resources */,
				C830DA811743E3BB005EA503 /* SecondView.xib in Resources */,
				C830E009174E4A11005EA503 /* AdressTable.xib in Resources */,
			);
			runOnlyForDeploymentPostprocessing = 0;
		};
/* End PBXResourcesBuildPhase section */

/* Begin PBXSourcesBuildPhase section */
		1D60588E0D05DD3D006BFB54 /* Sources */ = {
			isa = PBXSourcesBuildPhase;
			buildActionMask = 2147483647;
			files = (
				1D60589B0D05DD56006BFB54 /* main.m in Sources */,
				1D3623260D0F684500981E51 /* projectAppDelegate.m in Sources */,
				28D7ACF80DDB3853001CB0EB /* projectViewController.m in Sources */,
				C88877F0170D943B005740C1 /* CalendarView.m in Sources */,
				C88877F5170D9455005740C1 /* CKCalendarView.m in Sources */,
				C88877F8170D9464005740C1 /* TableView.m in Sources */,
				C888793C170DA7E2005740C1 /* loadAction.m in Sources */,
				C890FEA4172010B2005B16A8 /* DateButton.m in Sources */,
				C830DA861743E487005EA503 /* AdressTable.m in Sources */,
				C830DA921743E6DD005EA503 /* SecondViewController.m in Sources */,
			);
			runOnlyForDeploymentPostprocessing = 0;
		};
/* End PBXSourcesBuildPhase section */

/* Begin XCBuildConfiguration section */
		1D6058940D05DD3E006BFB54 /* Debug */ = {
			isa = XCBuildConfiguration;
			buildSettings = {
				ALWAYS_SEARCH_USER_PATHS = NO;
				COPY_PHASE_STRIP = NO;
				GCC_DYNAMIC_NO_PIC = NO;
				GCC_OPTIMIZATION_LEVEL = 0;
				GCC_PRECOMPILE_PREFIX_HEADER = YES;
				GCC_PREFIX_HEADER = project_Prefix.pch;
				INFOPLIST_FILE = "project-Info.plist";
				PRODUCT_NAME = project;
			};
			name = Debug;
		};
		1D6058950D05DD3E006BFB54 /* Release */ = {
			isa = XCBuildConfiguration;
			buildSettings = {
				ALWAYS_SEARCH_USER_PATHS = NO;
				COPY_PHASE_STRIP = YES;
				GCC_PRECOMPILE_PREFIX_HEADER = YES;
				GCC_PREFIX_HEADER = project_Prefix.pch;
				INFOPLIST_FILE = "project-Info.plist";
				PRODUCT_NAME = project;
				VALIDATE_PRODUCT = YES;
			};
			name = Release;
		};
		C01FCF4F08A954540054247B /* Debug */ = {
			isa = XCBuildConfiguration;
			buildSettings = {
				ARCHS = "$(ARCHS_STANDARD_32_BIT)";
				"CODE_SIGN_IDENTITY[sdk=iphoneos*]" = "iPhone Developer";
				GCC_C_LANGUAGE_STANDARD = c99;
				GCC_WARN_ABOUT_RETURN_TYPE = YES;
				GCC_WARN_UNUSED_VARIABLE = YES;
				PREBINDING = NO;
				SDKROOT = iphoneos4.0;
			};
			name = Debug;
		};
		C01FCF5008A954540054247B /* Release */ = {
			isa = XCBuildConfiguration;
			buildSettings = {
				ARCHS = "$(ARCHS_STANDARD_32_BIT)";
				"CODE_SIGN_IDENTITY[sdk=iphoneos*]" = "iPhone Developer";
				GCC_C_LANGUAGE_STANDARD = c99;
				GCC_WARN_ABOUT_RETURN_TYPE = YES;
				GCC_WARN_UNUSED_VARIABLE = YES;
				OTHER_CFLAGS = "-DNS_BLOCK_ASSERTIONS=1";
				PREBINDING = NO;
				SDKROOT = iphoneos4.0;
			};
			name = Release;
		};
/* End XCBuildConfiguration section */

/* Begin XCConfigurationList section */
		1D6058960D05DD3E006BFB54 /* Build configuration list for PBXNativeTarget "project" */ = {
			isa = XCConfigurationList;
			buildConfigurations = (
				1D6058940D05DD3E006BFB54 /* Debug */,
				1D6058950D05DD3E006BFB54 /* Release */,
			);
			defaultConfigurationIsVisible = 0;
			defaultConfigurationName = Release;
		};
		C01FCF4E08A954540054247B /* Build configuration list for PBXProject "project" */ = {
			isa = XCConfigurationList;
			buildConfigurations = (
				C01FCF4F08A954540054247B /* Debug */,
				C01FCF5008A954540054247B /* Release */,
			);
			defaultConfigurationIsVisible = 0;
			defaultConfigurationName = Release;
		};
/* End XCConfigurationList section */
	};
	rootObject = 29B97313FDCFA39411CA2CEA /* Project object */;
}
